
Microsoft Visual Studio Solution File, Format Version 12.00
# Visual Studio Version 16
VisualStudioVersion = 16.0.30907.101
MinimumVisualStudioVersion = 10.0.40219.1
Project("{9A19103F-16F7-4668-BE54-9A1E7A4F7556}") = "API", "API\API.csproj", "{F7D12C7F-8F23-458E-8252-02EF95314263}"
EndProject
Project("{9A19103F-16F7-4668-BE54-9A1E7A4F7556}") = "Core", "Core\Core.csproj", "{7DB75776-90DA-4497-802C-09FD77B4ED98}"
EndProject
Project("{9A19103F-16F7-4668-BE54-9A1E7A4F7556}") = "Infrastructure", "Infrastructure\Infrastructure.csproj", "{1A75981A-4E53-4E37-BDF6-22261FEB2D51}"
EndProject
Global
	GlobalSection(SolutionConfigurationPlatforms) = preSolution
		Debug|Any CPU = Debug|Any CPU
		Release|Any CPU = Release|Any CPU
	EndGlobalSection
	GlobalSection(ProjectConfigurationPlatforms) = postSolution
		{F7D12C7F-8F23-458E-8252-02EF95314263}.Debug|Any CPU.ActiveCfg = Debug|Any CPU
		{F7D12C7F-8F23-458E-8252-02EF95314263}.Debug|Any CPU.Build.0 = Debug|Any CPU
		{F7D12C7F-8F23-458E-8252-02EF95314263}.Release|Any CPU.ActiveCfg = Release|Any CPU
		{F7D12C7F-8F23-458E-8252-02EF95314263}.Release|Any CPU.Build.0 = Release|Any CPU
		{7DB75776-90DA-4497-802C-09FD77B4ED98}.Debug|Any CPU.ActiveCfg = Debug|Any CPU
		{7DB75776-90DA-4497-802C-09FD77B4ED98}.Debug|Any CPU.Build.0 = Debug|Any CPU
		{7DB75776-90DA-4497-802C-09FD77B4ED98}.Release|Any CPU.ActiveCfg = Release|Any CPU
		{7DB75776-90DA-4497-802C-09FD77B4ED98}.Release|Any CPU.Build.0 = Release|Any CPU
		{1A75981A-4E53-4E37-BDF6-22261FEB2D51}.Debug|Any CPU.ActiveCfg = Debug|Any CPU
		{1A75981A-4E53-4E37-BDF6-22261FEB2D51}.Debug|Any CPU.Build.0 = Debug|Any CPU
		{1A75981A-4E53-4E37-BDF6-22261FEB2D51}.Release|Any CPU.ActiveCfg = Release|Any CPU
		{1A75981A-4E53-4E37-BDF6-22261FEB2D51}.Release|Any CPU.Build.0 = Release|Any CPU
	EndGlobalSection
	GlobalSection(SolutionProperties) = preSolution
		HideSolutionNode = FALSE
	EndGlobalSection
	GlobalSection(ExtensibilityGlobals) = postSolution
		SolutionGuid = {33573260-DB1C-45F3-AF60-72993E15DA42}
	EndGlobalSection
EndGlobal
